Microsoft Visual Studio Solution File, Format Version 11.00
# Visual Studio 2010
Project("{FAE04EC0-301F-11D3-BF4B-00C04F79EFBC}") = "Assembly-CSharp", "Assembly-CSharp.csproj", "{D80278F4-4EAD-508D-AA6A-FC621E20A9F7}"
EndProject
Global
	GlobalSection(SolutionConfigurationPlatforms) = preSolution
		Debug|Any CPU = Debug|Any CPU
		Release|Any CPU = Release|Any CPU
	EndGlobalSection
	GlobalSection(ProjectConfigurationPlatforms) = postSolution
		{D80278F4-4EAD-508D-AA6A-FC621E20A9F7}.Debug|Any CPU.ActiveCfg = Debug|Any CPU
		{D80278F4-4EAD-508D-AA6A-FC621E20A9F7}.Debug|Any CPU.Build.0 = Debug|Any CPU
		{D80278F4-4EAD-508D-AA6A-FC621E20A9F7}.Release|Any CPU.ActiveCfg = Release|Any CPU
		{D80278F4-4EAD-508D-AA6A-FC621E20A9F7}.Release|Any CPU.Build.0 = Release|Any CPU
	EndGlobalSection
	GlobalSection(SolutionProperties) = preSolution
		HideSolutionNode = FALSE
	EndGlobalSection
	GlobalSection(MonoDevelopProperties) = preSolution
		StartupItem = Assembly-CSharp.csproj
	EndGlobalSection
EndGlobal
