Microsoft Visual Studio Solution File, Format Version 11.00
# Visual Studio 2010
Project("{FAE04EC0-301F-11D3-BF4B-00C04F79EFBC}") = "Assembly-CSharp", "Assembly-CSharp.csproj", "{1898129E-BC0C-6003-FE5C-2F73874C73BD}"
EndProject
Project("{FAE04EC0-301F-11D3-BF4B-00C04F79EFBC}") = "Assembly-CSharp-firstpass", "Assembly-CSharp-firstpass.csproj", "{C33A6614-AA44-2B09-7376-CA4A38E8420D}"
EndProject
Project("{FAE04EC0-301F-11D3-BF4B-00C04F79EFBC}") = "Assembly-CSharp-Editor", "Assembly-CSharp-Editor.csproj", "{5380AE36-8695-0CE1-9E2C-D0D444011604}"
EndProject
Global
	GlobalSection(SolutionConfigurationPlatforms) = preSolution
		Debug|Any CPU = Debug|Any CPU
		Release|Any CPU = Release|Any CPU
	EndGlobalSection
	GlobalSection(ProjectConfigurationPlatforms) = postSolution
		{1898129E-BC0C-6003-FE5C-2F73874C73BD}.Debug|Any CPU.ActiveCfg = Debug|Any CPU
		{1898129E-BC0C-6003-FE5C-2F73874C73BD}.Debug|Any CPU.Build.0 = Debug|Any CPU
		{1898129E-BC0C-6003-FE5C-2F73874C73BD}.Release|Any CPU.ActiveCfg = Release|Any CPU
		{1898129E-BC0C-6003-FE5C-2F73874C73BD}.Release|Any CPU.Build.0 = Release|Any CPU
		{C33A6614-AA44-2B09-7376-CA4A38E8420D}.Debug|Any CPU.ActiveCfg = Debug|Any CPU
		{C33A6614-AA44-2B09-7376-CA4A38E8420D}.Debug|Any CPU.Build.0 = Debug|Any CPU
		{C33A6614-AA44-2B09-7376-CA4A38E8420D}.Release|Any CPU.ActiveCfg = Release|Any CPU
		{C33A6614-AA44-2B09-7376-CA4A38E8420D}.Release|Any CPU.Build.0 = Release|Any CPU
		{5380AE36-8695-0CE1-9E2C-D0D444011604}.Debug|Any CPU.ActiveCfg = Debug|Any CPU
		{5380AE36-8695-0CE1-9E2C-D0D444011604}.Debug|Any CPU.Build.0 = Debug|Any CPU
		{5380AE36-8695-0CE1-9E2C-D0D444011604}.Release|Any CPU.ActiveCfg = Release|Any CPU
		{5380AE36-8695-0CE1-9E2C-D0D444011604}.Release|Any CPU.Build.0 = Release|Any CPU
	EndGlobalSection
	GlobalSection(SolutionProperties) = preSolution
		HideSolutionNode = FALSE
	EndGlobalSection
	GlobalSection(MonoDevelopProperties) = preSolution
		StartupItem = Assembly-CSharp.csproj
	EndGlobalSection
EndGlobal
